// !$*UTF8*$!
{
	archiveVersion = 1;
	classes = {
	};
	objectVersion = 46;
	objects = {

/* Begin PBXBuildFile section */
		1FF789E01D42332000DDE4A8 /* main.cpp in Sources */ = {isa = PBXBuildFile; fileRef = 1FF789DF1D42332000DDE4A8 /* main.cpp */; };
		1FF789E91D42346F00DDE4A8 /* akima.c in Sources */ = {isa = PBXBuildFile; fileRef = 1FF789E61D42346F00DDE4A8 /* akima.c */; };
		1FF789EA1D42346F00DDE4A8 /* cubic_spline_def1.cpp in Sources */ = {isa = PBXBuildFile; fileRef = 1FF789E71D42346F00DDE4A8 /* cubic_spline_def1.cpp */; };
		1FF789ED1D4234DC00DDE4A8 /* BezierSpline.c in Sources */ = {isa = PBXBuildFile; fileRef = 1FF789EB1D4234DC00DDE4A8 /* BezierSpline.c */; };
/* End PBXBuildFile section */

/* Begin PBXCopyFilesBuildPhase section */
		1FF789DA1D42332000DDE4A8 /* CopyFiles */ = {
			isa = PBXCopyFilesBuildPhase;
			buildActionMask = 2147483647;
			dstPath = /usr/share/man/man1/;
			dstSubfolderSpec = 0;
			files = (
			);
			runOnlyForDeploymentPostprocessing = 1;
		};
/* End PBXCopyFilesBuildPhase section */

/* Begin PBXFileReference section */
		1FF789DC1D42332000DDE4A8 /* spline */ = {isa = PBXFileReference; explicitFileType = "compiled.mach-o.executable"; includeInIndex = 0; path = spline; sourceTree = BUILT_PRODUCTS_DIR; };
		1FF789DF1D42332000DDE4A8 /* main.cpp */ = {isa = PBXFileReference; lastKnownFileType = sourcecode.cpp.cpp; path = main.cpp; sourceTree = "<group>"; };
		1FF789E61D42346F00DDE4A8 /* akima.c */ = {isa = PBXFileReference; fileEncoding = 4; lastKnownFileType = sourcecode.c.c; path = akima.c; sourceTree = "<group>"; };
		1FF789E71D42346F00DDE4A8 /* cubic_spline_def1.cpp */ = {isa = PBXFileReference; fileEncoding = 4; lastKnownFileType = sourcecode.cpp.cpp; path = cubic_spline_def1.cpp; sourceTree = "<group>"; };
		1FF789E81D42346F00DDE4A8 /* cubic_spline_def1.hpp */ = {isa = PBXFileReference; fileEncoding = 4; lastKnownFileType = sourcecode.cpp.h; path = cubic_spline_def1.hpp; sourceTree = "<group>"; };
		1FF789EB1D4234DC00DDE4A8 /* BezierSpline.c */ = {isa = PBXFileReference; fileEncoding = 4; lastKnownFileType = sourcecode.c.c; path = BezierSpline.c; sourceTree = "<group>"; };
		1FF789EC1D4234DC00DDE4A8 /* BezierSpline.h */ = {isa = PBXFileReference; fileEncoding = 4; lastKnownFileType = sourcecode.c.h; path = BezierSpline.h; sourceTree = "<group>"; };
/* End PBXFileReference section */

/* Begin PBXFrameworksBuildPhase section */
		1FF789D91D42332000DDE4A8 /* Frameworks */ = {
			isa = PBXFrameworksBuildPhase;
			buildActionMask = 2147483647;
			files = (
			);
			runOnlyForDeploymentPostprocessing = 0;
		};
/* End PBXFrameworksBuildPhase section */

/* Begin PBXGroup section */
		1FF789D31D42332000DDE4A8 = {
			isa = PBXGroup;
			children = (
				1FF789DE1D42332000DDE4A8 /* spline */,
				1FF789DD1D42332000DDE4A8 /* Products */,
			);
			sourceTree = "<group>";
		};
		1FF789DD1D42332000DDE4A8 /* Products */ = {
			isa = PBXGroup;
			children = (
				1FF789DC1D42332000DDE4A8 /* spline */,
			);
			name = Products;
			sourceTree = "<group>";
		};
		1FF789DE1D42332000DDE4A8 /* spline */ = {
			isa = PBXGroup;
			children = (
				1FF789E61D42346F00DDE4A8 /* akima.c */,
				1FF789E71D42346F00DDE4A8 /* cubic_spline_def1.cpp */,
				1FF789E81D42346F00DDE4A8 /* cubic_spline_def1.hpp */,
				1FF789DF1D42332000DDE4A8 /* main.cpp */,
				1FF789EB1D4234DC00DDE4A8 /* BezierSpline.c */,
				1FF789EC1D4234DC00DDE4A8 /* BezierSpline.h */,
			);
			path = spline;
			sourceTree = "<group>";
		};
/* End PBXGroup section */

/* Begin PBXNativeTarget section */
		1FF789DB1D42332000DDE4A8 /* spline */ = {
			isa = PBXNativeTarget;
			buildConfigurationList = 1FF789E31D42332000DDE4A8 /* Build configuration list for PBXNativeTarget "spline" */;
			buildPhases = (
				1FF789D81D42332000DDE4A8 /* Sources */,
				1FF789D91D42332000DDE4A8 /* Frameworks */,
				1FF789DA1D42332000DDE4A8 /* CopyFiles */,
			);
			buildRules = (
			);
			dependencies = (
			);
			name = spline;
			productName = spline;
			productReference = 1FF789DC1D42332000DDE4A8 /* spline */;
			productType = "com.apple.product-type.tool";
		};
/* End PBXNativeTarget section */

/* Begin PBXProject section */
		1FF789D41D42332000DDE4A8 /* Project object */ = {
			isa = PBXProject;
			attributes = {
				LastUpgradeCheck = 0730;
				ORGANIZATIONNAME = "Aleksandr Nikiforov";
				TargetAttributes = {
					1FF789DB1D42332000DDE4A8 = {
						CreatedOnToolsVersion = 7.3.1;
					};
				};
			};
			buildConfigurationList = 1FF789D71D42332000DDE4A8 /* Build configuration list for PBXProject "spline" */;
			compatibilityVersion = "Xcode 3.2";
			developmentRegion = English;
			hasScannedForEncodings = 0;
			knownRegions = (
				en,
			);
			mainGroup = 1FF789D31D42332000DDE4A8;
			productRefGroup = 1FF789DD1D42332000DDE4A8 /* Products */;
			projectDirPath = "";
			projectRoot = "";
			targets = (
				1FF789DB1D42332000DDE4A8 /* spline */,
			);
		};
/* End PBXProject section */

/* Begin PBXSourcesBuildPhase section */
		1FF789D81D42332000DDE4A8 /* Sources */ = {
			isa = PBXSourcesBuildPhase;
			buildActionMask = 2147483647;
			files = (
				1FF789E01D42332000DDE4A8 /* main.cpp in Sources */,
				1FF789EA1D42346F00DDE4A8 /* cubic_spline_def1.cpp in Sources */,
				1FF789E91D42346F00DDE4A8 /* akima.c in Sources */,
				1FF789ED1D4234DC00DDE4A8 /* BezierSpline.c in Sources */,
			);
			runOnlyForDeploymentPostprocessing = 0;
		};
/* End PBXSourcesBuildPhase section */

/* Begin XCBuildConfiguration section */
		1FF789E11D42332000DDE4A8 /* Debug */ = {
			isa = XCBuildConfiguration;
			buildSettings = {
				ALWAYS_SEARCH_USER_PATHS = NO;
				CLANG_ANALYZER_NONNULL = YES;
				CLANG_CXX_LANGUAGE_STANDARD = "gnu++0x";
				CLANG_CXX_LIBRARY = "libc++";
				CLANG_ENABLE_MODULES = YES;
				CLANG_ENABLE_OBJC_ARC = YES;
				CLANG_WARN_BOOL_CONVERSION = YES;
				CLANG_WARN_CONSTANT_CONVERSION = YES;
				CLANG_WARN_DIRECT_OBJC_ISA_USAGE = YES_ERROR;
				CLANG_WARN_EMPTY_BODY = YES;
				CLANG_WARN_ENUM_CONVERSION = YES;
				CLANG_WARN_INT_CONVERSION = YES;
				CLANG_WARN_OBJC_ROOT_CLASS = YES_ERROR;
				CLANG_WARN_UNREACHABLE_CODE = YES;
				CLANG_WARN__DUPLICATE_METHOD_MATCH = YES;
				CODE_SIGN_IDENTITY = "-";
				COPY_PHASE_STRIP = NO;
				DEBUG_INFORMATION_FORMAT = dwarf;
				ENABLE_STRICT_OBJC_MSGSEND = YES;
				ENABLE_TESTABILITY = YES;
				GCC_C_LANGUAGE_STANDARD = gnu99;
				GCC_DYNAMIC_NO_PIC = NO;
				GCC_NO_COMMON_BLOCKS = YES;
				GCC_OPTIMIZATION_LEVEL = 0;
				GCC_PREPROCESSOR_DEFINITIONS = (
					"DEBUG=1",
					"$(inherited)",
				);
				GCC_WARN_64_TO_32_BIT_CONVERSION = YES;
				GCC_WARN_ABOUT_RETURN_TYPE = YES_ERROR;
				GCC_WARN_UNDECLARED_SELECTOR = YES;
				GCC_WARN_UNINITIALIZED_AUTOS = YES_AGGRESSIVE;
				GCC_WARN_UNUSED_FUNCTION = YES;
				GCC_WARN_UNUSED_VARIABLE = YES;
				MACOSX_DEPLOYMENT_TARGET = 10.11;
				MTL_ENABLE_DEBUG_INFO = YES;
				ONLY_ACTIVE_ARCH = YES;
				SDKROOT = macosx;
			};
			name = Debug;
		};
		1FF789E21D42332000DDE4A8 /* Release */ = {
			isa = XCBuildConfiguration;
			buildSettings = {
				ALWAYS_SEARCH_USER_PATHS = NO;
				CLANG_ANALYZER_NONNULL = YES;
				CLANG_CXX_LANGUAGE_STANDARD = "gnu++0x";
				CLANG_CXX_LIBRARY = "libc++";
				CLANG_ENABLE_MODULES = YES;
				CLANG_ENABLE_OBJC_ARC = YES;
				CLANG_WARN_BOOL_CONVERSION = YES;
				CLANG_WARN_CONSTANT_CONVERSION = YES;
				CLANG_WARN_DIRECT_OBJC_ISA_USAGE = YES_ERROR;
				CLANG_WARN_EMPTY_BODY = YES;
				CLANG_WARN_ENUM_CONVERSION = YES;
				CLANG_WARN_INT_CONVERSION = YES;
				CLANG_WARN_OBJC_ROOT_CLASS = YES_ERROR;
				CLANG_WARN_UNREACHABLE_CODE = YES;
				CLANG_WARN__DUPLICATE_METHOD_MATCH = YES;
				CODE_SIGN_IDENTITY = "-";
				COPY_PHASE_STRIP = NO;
				DEBUG_INFORMATION_FORMAT = "dwarf-with-dsym";
				ENABLE_NS_ASSERTIONS = NO;
				ENABLE_STRICT_OBJC_MSGSEND = YES;
				GCC_C_LANGUAGE_STANDARD = gnu99;
				GCC_NO_COMMON_BLOCKS = YES;
				GCC_WARN_64_TO_32_BIT_CONVERSION = YES;
				GCC_WARN_ABOUT_RETURN_TYPE = YES_ERROR;
				GCC_WARN_UNDECLARED_SELECTOR = YES;
				GCC_WARN_UNINITIALIZED_AUTOS = YES_AGGRESSIVE;
				GCC_WARN_UNUSED_FUNCTION = YES;
				GCC_WARN_UNUSED_VARIABLE = YES;
				MACOSX_DEPLOYMENT_TARGET = 10.11;
				MTL_ENABLE_DEBUG_INFO = NO;
				SDKROOT = macosx;
			};
			name = Release;
		};
		1FF789E41D42332000DDE4A8 /* Debug */ = {
			isa = XCBuildConfiguration;
			buildSettings = {
				PRODUCT_NAME = "$(TARGET_NAME)";
			};
			name = Debug;
		};
		1FF789E51D42332000DDE4A8 /* Release */ = {
			isa = XCBuildConfiguration;
			buildSettings = {
				PRODUCT_NAME = "$(TARGET_NAME)";
			};
			name = Release;
		};
/* End XCBuildConfiguration section */

/* Begin XCConfigurationList section */
		1FF789D71D42332000DDE4A8 /* Build configuration list for PBXProject "spline" */ = {
			isa = XCConfigurationList;
			buildConfigurations = (
				1FF789E11D42332000DDE4A8 /* Debug */,
				1FF789E21D42332000DDE4A8 /* Release */,
			);
			defaultConfigurationIsVisible = 0;
			defaultConfigurationName = Release;
		};
		1FF789E31D42332000DDE4A8 /* Build configuration list for PBXNativeTarget "spline" */ = {
			isa = XCConfigurationList;
			buildConfigurations = (
				1FF789E41D42332000DDE4A8 /* Debug */,
				1FF789E51D42332000DDE4A8 /* Release */,
			);
			defaultConfigurationIsVisible = 0;
			defaultConfigurationName = Release;
		};
/* End XCConfigurationList section */
	};
	rootObject = 1FF789D41D42332000DDE4A8 /* Project object */;
}
